
Microsoft Visual Studio Solution File, Format Version 12.00
# Visual Studio 15
VisualStudioVersion = 15.0.27703.2035
MinimumVisualStudioVersion = 10.0.40219.1
Project("{2150E333-8FDC-42A3-9474-1A3956D46DE8}") = "Solution Items", "Solution Items", "{86995A93-2DC4-436E-B3A1-6E450C39AA91}"
	ProjectSection(SolutionItems) = preProject
		Index.html = Index.html
		pong.js = pong.js
	EndProjectSection
EndProject
Global
	GlobalSection(SolutionProperties) = preSolution
		HideSolutionNode = FALSE
	EndGlobalSection
	GlobalSection(ExtensibilityGlobals) = postSolution
		SolutionGuid = {7CC9AE49-4CC9-4882-B3AD-3DB12D880CF5}
	EndGlobalSection
EndGlobal
